{
  "name": "process-sum-n-average",
  "version": "1.0.0",
  "lockfileVersion": 2,
  "requires": true,
  "packages": {
    "": {
      "name": "process-sum-n-average",
      "version": "1.0.0",
      "license": "ISC",
      "devDependencies": {
        "@types/node": "^16"
      }
    },
    "node_modules/@types/node": {
      "version": "16.11.24",
      "resolved": "https://registry.npmjs.org/@types/node/-/node-16.11.24.tgz",
      "integrity": "sha512-Ezv33Rl4mIi6YdSHfIRNBd4Q9kUe5okiaw/ikvJiJDmuQZNW5kfdg7+oQPF8NO6sTcr3woIpj3jANzTXdvEZXA==",
      "dev": true
    }
  },
  "dependencies": {
    "@types/node": {
      "version": "16.11.24",
      "resolved": "https://registry.npmjs.org/@types/node/-/node-16.11.24.tgz",
      "integrity": "sha512-Ezv33Rl4mIi6YdSHfIRNBd4Q9kUe5okiaw/ikvJiJDmuQZNW5kfdg7+oQPF8NO6sTcr3woIpj3jANzTXdvEZXA==",
      "dev": true
    }
  }
}
